{
  "lockfileVersion": 1,
  "configVersion": 1,
  "workspaces": {
    "": {
      "name": "liveclawbench-mock-platform",
      "devDependencies": {
        "@types/bun": "^1.2.0",
        "typescript": "^5.8.0",
      },
    },
    "mocks/airline": {
      "name": "@mock/airline",
      "version": "0.1.0",
      "dependencies": {
        "bcryptjs": "^2.4.3",
        "hono": "^4.8.0",
        "mock-lib": "workspace:*",
        "zod": "^3.24.0",
      },
      "devDependencies": {
        "@types/bcryptjs": "^2.4.6",
      },
    },
    "mocks/calendar": {
      "name": "@mock/calendar",
      "version": "0.1.0",
      "dependencies": {
        "bcryptjs": "^2.4.3",
        "hono": "^4.8.0",
        "mock-lib": "workspace:*",
        "zod": "^3.24.0",
      },
      "devDependencies": {
        "@types/bcryptjs": "^2.4.6",
      },
    },
    "mocks/doc-search": {
      "name": "@mock/doc-search",
      "version": "0.1.0",
      "dependencies": {
        "hono": "^4.8.0",
        "mock-lib": "workspace:*",
        "zod": "^3.24.0",
      },
    },
    "mocks/email": {
      "name": "@mock/email",
      "version": "0.1.0",
      "dependencies": {
        "hono": "^4.8.0",
        "mock-lib": "workspace:*",
        "zod": "^3.24.0",
      },
    },
    "mocks/expense": {
      "name": "@mock/expense",
      "version": "0.1.0",
      "dependencies": {
        "hono": "^4.8.0",
        "mock-lib": "workspace:*",
        "zod": "^3.24.0",
      },
    },
    "mocks/insurance": {
      "name": "@mock/insurance",
      "version": "0.1.0",
      "dependencies": {
        "bcryptjs": "^2.4.3",
        "hono": "^4.8.0",
        "mock-lib": "workspace:*",
        "zod": "^3.24.0",
      },
      "devDependencies": {
        "@types/bcryptjs": "^2.4.6",
      },
    },
    "mocks/mint-diet": {
      "name": "@mock/mint-diet",
      "version": "0.1.0",
      "dependencies": {
        "hono": "^4.8.0",
        "mock-lib": "workspace:*",
      },
    },
    "mocks/shop": {
      "name": "@mock/shop",
      "version": "0.1.0",
      "dependencies": {
        "hono": "^4.8.0",
        "mock-lib": "workspace:*",
        "zod": "^3.22.0",
      },
    },
    "mocks/social": {
      "name": "@mock/social",
      "version": "0.1.0",
      "dependencies": {
        "hono": "^4.8.0",
        "mock-lib": "workspace:*",
      },
    },
    "mocks/todolist": {
      "name": "@mock/todolist",
      "version": "0.1.0",
      "dependencies": {
        "hono": "^4.8.0",
        "mock-lib": "workspace:*",
        "zod": "^3.24.0",
      },
    },
    "mocks/weather": {
      "name": "@mock/weather",
      "version": "0.1.0",
      "dependencies": {
        "hono": "^4.8.0",
        "mock-lib": "workspace:*",
      },
    },
    "packages/mock-lib": {
      "name": "mock-lib",
      "version": "0.1.0",
      "dependencies": {
        "@hono/zod-openapi": "^0.18.3",
        "hono": "^4.8.0",
        "zod": "^3.22.0",
      },
    },
  },
  "packages": {
    "@asteasolutions/zod-to-openapi": ["@asteasolutions/zod-to-openapi@7.3.4", "", { "dependencies": { "openapi3-ts": "^4.1.2" }, "peerDependencies": { "zod": "^3.20.2" } }, "sha512-/2rThQ5zPi9OzVwes6U7lK1+Yvug0iXu25olp7S0XsYmOqnyMfxH7gdSQjn/+DSOHRg7wnotwGJSyL+fBKdnEA=="],

    "@hono/zod-openapi": ["@hono/zod-openapi@0.18.4", "", { "dependencies": { "@asteasolutions/zod-to-openapi": "^7.1.0", "@hono/zod-validator": "^0.4.1" }, "peerDependencies": { "hono": ">=4.3.6", "zod": "3.*" } }, "sha512-6NHMHU96Hh32B1yDhb94Z4Z5/POsmEu2AXpWLWcBq9arskRnOMt2752yEoXoADV8WUAc7H1IkNaQHGj1ytXbYw=="],

    "@hono/zod-validator": ["@hono/zod-validator@0.4.3", "", { "peerDependencies": { "hono": ">=3.9.0", "zod": "^3.19.1" } }, "sha512-xIgMYXDyJ4Hj6ekm9T9Y27s080Nl9NXHcJkOvkXPhubOLj8hZkOL8pDnnXfvCf5xEE8Q4oMFenQUZZREUY2gqQ=="],

    "@mock/airline": ["@mock/airline@workspace:mocks/airline"],

    "@mock/calendar": ["@mock/calendar@workspace:mocks/calendar"],

    "@mock/doc-search": ["@mock/doc-search@workspace:mocks/doc-search"],

    "@mock/email": ["@mock/email@workspace:mocks/email"],

    "@mock/expense": ["@mock/expense@workspace:mocks/expense"],

    "@mock/insurance": ["@mock/insurance@workspace:mocks/insurance"],

    "@mock/mint-diet": ["@mock/mint-diet@workspace:mocks/mint-diet"],

    "@mock/shop": ["@mock/shop@workspace:mocks/shop"],

    "@mock/social": ["@mock/social@workspace:mocks/social"],

    "@mock/todolist": ["@mock/todolist@workspace:mocks/todolist"],

    "@mock/weather": ["@mock/weather@workspace:mocks/weather"],

    "@types/bcryptjs": ["@types/bcryptjs@2.4.6", "", {}, "sha512-9xlo6R2qDs5uixm0bcIqCeMCE6HiQsIyel9KQySStiyqNl2tnj2mP3DX1Nf56MD6KMenNNlBBsy3LJ7gUEQPXQ=="],

    "@types/bun": ["@types/bun@1.3.14", "", { "dependencies": { "bun-types": "1.3.14" } }, "sha512-h1hFqFVcvAvD9j9K7ZW7vd82aSA+rTdznZa+5bwvCwqSB1jmmfLcbIWhOLx1/+boy/xmjgCs/OMUL8hRJSmnPw=="],

    "@types/node": ["@types/node@25.7.0", "", { "dependencies": { "undici-types": "~7.21.0" } }, "sha512-z+pdZyxE+RTQE9AcboAZCb4otwcrvgHD+GlBpPgn0emDVt0ohrTMhAwlr2Wd9nZ+nihhYFxO2pThz3C5qSu2Eg=="],

    "bcryptjs": ["bcryptjs@2.4.3", "", {}, "sha512-V/Hy/X9Vt7f3BbPJEi8BdVFMByHi+jNXrYkW3huaybV/kQ0KJg0Y6PkEMbn+zeT+i+SiKZ/HMqJGIIt4LZDqNQ=="],

    "bun-types": ["bun-types@1.3.14", "", { "dependencies": { "@types/node": "*" } }, "sha512-4N0ig0fEomHt5R0KCFWjovxow98rIoRwKolrYdCcknNwMekCXRnWEUvgu5soYV8QXtVsrUD8B95MBOZGPvr6KQ=="],

    "hono": ["hono@4.12.18", "", {}, "sha512-RWzP96k/yv0PQfyXnWjs6zot20TqfpfsNXhOnev8d1InAxubW93L11/oNUc3tQqn2G0bSdAOBpX+2uDFHV7kdQ=="],

    "mock-lib": ["mock-lib@workspace:packages/mock-lib"],

    "openapi3-ts": ["openapi3-ts@4.5.0", "", { "dependencies": { "yaml": "^2.8.0" } }, "sha512-jaL+HgTq2Gj5jRcfdutgRGLosCy/hT8sQf6VOy+P+g36cZOjI1iukdPnijC+4CmeRzg/jEllJUboEic2FhxhtQ=="],

    "typescript": ["typescript@5.9.3", "", { "bin": { "tsc": "bin/tsc", "tsserver": "bin/tsserver" } }, "sha512-jl1vZzPDinLr9eUt3J/t7V6FgNEw9QjvBPdysz9KfQDD41fQrC2Y4vKQdiaUpFT4bXlb1RHhLpp8wtm6M5TgSw=="],

    "undici-types": ["undici-types@7.21.0", "", {}, "sha512-w9IMgQrz4O0YN1LtB7K5P63vhlIOvC7opSmouCJ+ZywlPAlO9gIkJ+otk6LvGpAs2wg4econaCz3TvQ9xPoyuQ=="],

    "yaml": ["yaml@2.9.0", "", { "bin": { "yaml": "bin.mjs" } }, "sha512-2AvhNX3mb8zd6Zy7INTtSpl1F15HW6Wnqj0srWlkKLcpYl/gMIMJiyuGq2KeI2YFxUPjdlB+3Lc10seMLtL4cA=="],

    "zod": ["zod@3.25.76", "", {}, "sha512-gzUt/qt81nXsFGKIFcC3YnfEAx5NkunCfnDlvuBSSFS02bcXu4Lmea0AFIUwbLWxWPx3d9p8S5QoaujKcNQxcQ=="],
  }
}
